
Microsoft Visual Studio Solution File, Format Version 12.00
# Visual Studio Version 17
VisualStudioVersion = 17.8.34309.116
MinimumVisualStudioVersion = 10.0.40219.1
Project("{2150E333-8FDC-42A3-9474-1A3956D46DE8}") = "src", "src", "{07A5AAC1-A23A-43E0-B947-000D42E32A87}"
EndProject
Project("{FAE04EC0-301F-11D3-BF4B-00C04F79EFBC}") = "Domain", "Domain\Domain.csproj", "{6F5D885F-4DC3-40AF-9FC0-317D730AD74A}"
EndProject
Project("{FAE04EC0-301F-11D3-BF4B-00C04F79EFBC}") = "Application", "Application\Application.csproj", "{ACA18DA6-BA3D-41E8-BD80-681629060B20}"
EndProject
Project("{2150E333-8FDC-42A3-9474-1A3956D46DE8}") = "test", "test", "{CAD039FC-E03A-423A-900E-CF48B23B5F2F}"
EndProject
Project("{2150E333-8FDC-42A3-9474-1A3956D46DE8}") = "Core", "Core", "{A3D32726-1655-409A-AA72-16D09596926D}"
EndProject
Project("{2150E333-8FDC-42A3-9474-1A3956D46DE8}") = "External", "External", "{C81D869F-163B-47C9-AF35-96B39AED0678}"
EndProject
Project("{FAE04EC0-301F-11D3-BF4B-00C04F79EFBC}") = "Infrastructure", "Infrastructure\Infrastructure.csproj", "{16800A63-3310-4C1C-AB5F-426A400EE757}"
EndProject
Project("{FAE04EC0-301F-11D3-BF4B-00C04F79EFBC}") = "Presentation", "Presentation\Presentation.csproj", "{8E2C76F2-032D-44C9-989B-0334600C6B1A}"
EndProject
Project("{FAE04EC0-301F-11D3-BF4B-00C04F79EFBC}") = "WebAPI", "WebAPI\WebAPI.csproj", "{4665FAB8-A899-419B-B06A-DB9A21323EF5}"
EndProject
Global
	GlobalSection(SolutionConfigurationPlatforms) = preSolution
		Debug|Any CPU = Debug|Any CPU
		Release|Any CPU = Release|Any CPU
	EndGlobalSection
	GlobalSection(ProjectConfigurationPlatforms) = postSolution
		{6F5D885F-4DC3-40AF-9FC0-317D730AD74A}.Debug|Any CPU.ActiveCfg = Debug|Any CPU
		{6F5D885F-4DC3-40AF-9FC0-317D730AD74A}.Debug|Any CPU.Build.0 = Debug|Any CPU
		{6F5D885F-4DC3-40AF-9FC0-317D730AD74A}.Release|Any CPU.ActiveCfg = Release|Any CPU
		{6F5D885F-4DC3-40AF-9FC0-317D730AD74A}.Release|Any CPU.Build.0 = Release|Any CPU
		{ACA18DA6-BA3D-41E8-BD80-681629060B20}.Debug|Any CPU.ActiveCfg = Debug|Any CPU
		{ACA18DA6-BA3D-41E8-BD80-681629060B20}.Debug|Any CPU.Build.0 = Debug|Any CPU
		{ACA18DA6-BA3D-41E8-BD80-681629060B20}.Release|Any CPU.ActiveCfg = Release|Any CPU
		{ACA18DA6-BA3D-41E8-BD80-681629060B20}.Release|Any CPU.Build.0 = Release|Any CPU
		{16800A63-3310-4C1C-AB5F-426A400EE757}.Debug|Any CPU.ActiveCfg = Debug|Any CPU
		{16800A63-3310-4C1C-AB5F-426A400EE757}.Debug|Any CPU.Build.0 = Debug|Any CPU
		{16800A63-3310-4C1C-AB5F-426A400EE757}.Release|Any CPU.ActiveCfg = Release|Any CPU
		{16800A63-3310-4C1C-AB5F-426A400EE757}.Release|Any CPU.Build.0 = Release|Any CPU
		{8E2C76F2-032D-44C9-989B-0334600C6B1A}.Debug|Any CPU.ActiveCfg = Debug|Any CPU
		{8E2C76F2-032D-44C9-989B-0334600C6B1A}.Debug|Any CPU.Build.0 = Debug|Any CPU
		{8E2C76F2-032D-44C9-989B-0334600C6B1A}.Release|Any CPU.ActiveCfg = Release|Any CPU
		{8E2C76F2-032D-44C9-989B-0334600C6B1A}.Release|Any CPU.Build.0 = Release|Any CPU
		{4665FAB8-A899-419B-B06A-DB9A21323EF5}.Debug|Any CPU.ActiveCfg = Debug|Any CPU
		{4665FAB8-A899-419B-B06A-DB9A21323EF5}.Debug|Any CPU.Build.0 = Debug|Any CPU
		{4665FAB8-A899-419B-B06A-DB9A21323EF5}.Release|Any CPU.ActiveCfg = Release|Any CPU
		{4665FAB8-A899-419B-B06A-DB9A21323EF5}.Release|Any CPU.Build.0 = Release|Any CPU
	EndGlobalSection
	GlobalSection(SolutionProperties) = preSolution
		HideSolutionNode = FALSE
	EndGlobalSection
	GlobalSection(NestedProjects) = preSolution
		{6F5D885F-4DC3-40AF-9FC0-317D730AD74A} = {A3D32726-1655-409A-AA72-16D09596926D}
		{ACA18DA6-BA3D-41E8-BD80-681629060B20} = {A3D32726-1655-409A-AA72-16D09596926D}
		{A3D32726-1655-409A-AA72-16D09596926D} = {07A5AAC1-A23A-43E0-B947-000D42E32A87}
		{C81D869F-163B-47C9-AF35-96B39AED0678} = {07A5AAC1-A23A-43E0-B947-000D42E32A87}
		{16800A63-3310-4C1C-AB5F-426A400EE757} = {C81D869F-163B-47C9-AF35-96B39AED0678}
		{8E2C76F2-032D-44C9-989B-0334600C6B1A} = {C81D869F-163B-47C9-AF35-96B39AED0678}
		{4665FAB8-A899-419B-B06A-DB9A21323EF5} = {07A5AAC1-A23A-43E0-B947-000D42E32A87}
	EndGlobalSection
	GlobalSection(ExtensibilityGlobals) = postSolution
		SolutionGuid = {7A34F69F-098C-4DC6-B9D8-D3DC17A80B81}
	EndGlobalSection
EndGlobal
